
Microsoft Visual Studio Solution File, Format Version 12.00
# Visual Studio 15
VisualStudioVersion = 15.0.27004.2006
MinimumVisualStudioVersion = 10.0.40219.1
Project("{9A19103F-16F7-4668-BE54-9A1E7A4F7556}") = "Template.DBPkg", "Template.DBPkg\Template.DBPkg.csproj", "{1D72F9F5-2ED0-4157-9EF8-903203AA428C}"
EndProject
Project("{00D1A9C2-B5F0-4AF3-8072-F6C62B433612}") = "Template.DBProject", "Template.DBProject\Template.DBProject.sqlproj", "{96EEF452-0302-4B98-BDBC-D36A24C21EA8}"
EndProject
Project("{2150E333-8FDC-42A3-9474-1A3956D46DE8}") = "Solution Items", "Solution Items", "{73768392-40CC-4C3F-B544-B44F040DD53A}"
	ProjectSection(SolutionItems) = preProject
		PackageTools\Bootstrap.cmd = PackageTools\Bootstrap.cmd
		PackageTools\Bootstrap.ps1 = PackageTools\Bootstrap.ps1
		PackageTools\Get-PackageContent.ps1 = PackageTools\Get-PackageContent.ps1
		PackageTools\GetPackageContent.cmd = PackageTools\GetPackageContent.cmd
		PackageTools\Publish-DbProjects.ps1 = PackageTools\Publish-DbProjects.ps1
		PackageTools\PublishDbProjects.cmd = PackageTools\PublishDbProjects.cmd
	EndProjectSection
EndProject
Global
	GlobalSection(SolutionConfigurationPlatforms) = preSolution
		Debug|Any CPU = Debug|Any CPU
		Release|Any CPU = Release|Any CPU
	EndGlobalSection
	GlobalSection(ProjectConfigurationPlatforms) = postSolution
		{1D72F9F5-2ED0-4157-9EF8-903203AA428C}.Debug|Any CPU.ActiveCfg = Debug|Any CPU
		{1D72F9F5-2ED0-4157-9EF8-903203AA428C}.Debug|Any CPU.Build.0 = Debug|Any CPU
		{1D72F9F5-2ED0-4157-9EF8-903203AA428C}.Release|Any CPU.ActiveCfg = Release|Any CPU
		{1D72F9F5-2ED0-4157-9EF8-903203AA428C}.Release|Any CPU.Build.0 = Release|Any CPU
		{96EEF452-0302-4B98-BDBC-D36A24C21EA8}.Debug|Any CPU.ActiveCfg = Debug|Any CPU
		{96EEF452-0302-4B98-BDBC-D36A24C21EA8}.Debug|Any CPU.Build.0 = Debug|Any CPU
		{96EEF452-0302-4B98-BDBC-D36A24C21EA8}.Debug|Any CPU.Deploy.0 = Debug|Any CPU
		{96EEF452-0302-4B98-BDBC-D36A24C21EA8}.Release|Any CPU.ActiveCfg = Release|Any CPU
		{96EEF452-0302-4B98-BDBC-D36A24C21EA8}.Release|Any CPU.Build.0 = Release|Any CPU
		{96EEF452-0302-4B98-BDBC-D36A24C21EA8}.Release|Any CPU.Deploy.0 = Release|Any CPU
	EndGlobalSection
	GlobalSection(SolutionProperties) = preSolution
		HideSolutionNode = FALSE
	EndGlobalSection
	GlobalSection(ExtensibilityGlobals) = postSolution
		SolutionGuid = {050FCAC4-AB31-4923-AEA9-D7D5203756AD}
	EndGlobalSection
EndGlobal
