
Microsoft Visual Studio Solution File, Format Version 12.00
# Visual Studio 15
VisualStudioVersion = 15.0.27130.2027
MinimumVisualStudioVersion = 10.0.40219.1
Project("{F5034706-568F-408A-B7B3-4D38C6DB8A32}") = "NugetDbPacker", "NugetDbPacker\NugetDbPacker.pssproj", "{6CAFC0C6-A428-4D30-A9F9-700E829FEA51}"
	ProjectSection(ProjectDependencies) = postProject
		{71C9610A-389B-4130-B4D8-695D27DA347E} = {71C9610A-389B-4130-B4D8-695D27DA347E}
	EndProjectSection
EndProject
Project("{2150E333-8FDC-42A3-9474-1A3956D46DE8}") = "Solution Items", "Solution Items", "{6F4074EE-2079-4DB5-9C97-7BF371C263AA}"
	ProjectSection(SolutionItems) = preProject
		BuildAll.ps1 = BuildAll.ps1
		PackageAll.ps1 = PackageAll.ps1
		PackageTemplateDb.ps1 = PackageTemplateDb.ps1
		TestAll.ps1 = TestAll.ps1
	EndProjectSection
EndProject
Project("{F5034706-568F-408A-B7B3-4D38C6DB8A32}") = "NugetShared", "NugetShared\NugetShared.pssproj", "{EBB729A2-A1A6-4736-A020-19B3A79947E9}"
EndProject
Project("{F5034706-568F-408A-B7B3-4D38C6DB8A32}") = "DbSolutionBuilder", "DbSolutionBuilder\DbSolutionBuilder.pssproj", "{A495F978-7316-4A6A-93B7-038B17F11B2A}"
	ProjectSection(ProjectDependencies) = postProject
		{EBB729A2-A1A6-4736-A020-19B3A79947E9} = {EBB729A2-A1A6-4736-A020-19B3A79947E9}
	EndProjectSection
EndProject
Project("{F5034706-568F-408A-B7B3-4D38C6DB8A32}") = "PowershellBuilder", "PowershellBuilder\PowershellBuilder.pssproj", "{F4A291E6-845C-4469-886B-BBBA24B5541D}"
	ProjectSection(ProjectDependencies) = postProject
		{EBB729A2-A1A6-4736-A020-19B3A79947E9} = {EBB729A2-A1A6-4736-A020-19B3A79947E9}
	EndProjectSection
EndProject
Project("{9A19103F-16F7-4668-BE54-9A1E7A4F7556}") = "Template.DBPkg", "..\Template.DB\Template.DBPkg\Template.DBPkg.csproj", "{7B0D4B81-8629-40DD-99D1-F390127092E8}"
EndProject
Project("{00D1A9C2-B5F0-4AF3-8072-F6C62B433612}") = "Template.DBProject", "..\Template.DB\Template.DBProject\Template.DBProject.sqlproj", "{96EEF452-0302-4B98-BDBC-D36A24C21EA8}"
EndProject
Project("{F5034706-568F-408A-B7B3-4D38C6DB8A32}") = "NuGetProjectPacker", "NuGetProjectPacker\NuGetProjectPacker.pssproj", "{A162E51C-77AE-49E4-9F67-9F9351BF23D8}"
	ProjectSection(ProjectDependencies) = postProject
		{71C9610A-389B-4130-B4D8-695D27DA347E} = {71C9610A-389B-4130-B4D8-695D27DA347E}
	EndProjectSection
EndProject
Project("{F5034706-568F-408A-B7B3-4D38C6DB8A32}") = "NuGetSharedPacker", "NuGetSharedPacker\NuGetSharedPacker.pssproj", "{71C9610A-389B-4130-B4D8-695D27DA347E}"
	ProjectSection(ProjectDependencies) = postProject
		{EBB729A2-A1A6-4736-A020-19B3A79947E9} = {EBB729A2-A1A6-4736-A020-19B3A79947E9}
	EndProjectSection
EndProject
Project("{F5034706-568F-408A-B7B3-4D38C6DB8A32}") = "TestUtils", "TestUtils\TestUtils.pssproj", "{EFFCDC0B-355F-4451-9F40-86A8E2EDD7AC}"
EndProject
Project("{2150E333-8FDC-42A3-9474-1A3956D46DE8}") = "PackageTools", "PackageTools", "{E0AD2663-37D5-421B-A3E1-0BE0401BC41E}"
	ProjectSection(SolutionItems) = preProject
		PackageTools\Bootstrap.ps1 = PackageTools\Bootstrap.ps1
		PackageTools\GetPackageContent.cmd = PackageTools\GetPackageContent.cmd
	EndProjectSection
EndProject
Project("{2150E333-8FDC-42A3-9474-1A3956D46DE8}") = "PackageTools.Builder.Db", "PackageTools.Builder.Db", "{4DE504AA-C602-457A-9875-2546CD0969DA}"
	ProjectSection(SolutionItems) = preProject
		PackageTools.Builder.Db\Bootstrap.ps1 = PackageTools.Builder.Db\Bootstrap.ps1
		PackageTools.Builder.Db\Install-DbSolutionBuilder.ps1 = PackageTools.Builder.Db\Install-DbSolutionBuilder.ps1
		PackageTools.Builder.Db\New-CiDbProject.ps1 = PackageTools.Builder.Db\New-CiDbProject.ps1
		PackageTools.Builder.Db\NuGetDbToolsInstall.Template.ps1 = PackageTools.Builder.Db\NuGetDbToolsInstall.Template.ps1
	EndProjectSection
EndProject
Project("{2150E333-8FDC-42A3-9474-1A3956D46DE8}") = "PackageTools.Db", "PackageTools.Db", "{890F4222-B59A-4295-86FB-825D037326E1}"
	ProjectSection(SolutionItems) = preProject
		PackageTools.Db\Deploy-SolutionDatabases.ps1 = PackageTools.Db\Deploy-SolutionDatabases.ps1
		PackageTools.Db\Get-PackageContent.ps1 = PackageTools.Db\Get-PackageContent.ps1
		PackageTools.Db\Invoke-PostBuildEvent.ps1 = PackageTools.Db\Invoke-PostBuildEvent.ps1
		PackageTools.Db\Invoke-PreBuildEvent.ps1 = PackageTools.Db\Invoke-PreBuildEvent.ps1
		PackageTools.Db\Publish-DbProjects.ps1 = PackageTools.Db\Publish-DbProjects.ps1
		PackageTools.Db\PublishDbProjects.cmd = PackageTools.Db\PublishDbProjects.cmd
	EndProjectSection
EndProject
Project("{2150E333-8FDC-42A3-9474-1A3956D46DE8}") = "PackageTools.Project", "PackageTools.Project", "{6221769E-E6AE-460A-A239-D3FB82CA91EB}"
	ProjectSection(SolutionItems) = preProject
		PackageTools.Project\Get-PackageContent.ps1 = PackageTools.Project\Get-PackageContent.ps1
		PackageTools.Project\Package.nuspec.txt = PackageTools.Project\Package.nuspec.txt
		PackageTools.Project\Package.ps1 = PackageTools.Project\Package.ps1
		PackageTools.Project\PackageSolution.ps1 = PackageTools.Project\PackageSolution.ps1
	EndProjectSection
EndProject
Project("{2150E333-8FDC-42A3-9474-1A3956D46DE8}") = "Extensions", "Extensions", "{1A5925BD-2A30-426B-B7C4-E6170709B4F4}"
EndProject
Project("{F5034706-568F-408A-B7B3-4D38C6DB8A32}") = "VSTSExtension", "Extensions\VSTSExtension\VSTSExtension.pssproj", "{FE66DA4E-E2FC-4094-97D6-76740533AF1F}"
EndProject
Global
	GlobalSection(SolutionConfigurationPlatforms) = preSolution
		Debug|Any CPU = Debug|Any CPU
		Release|Any CPU = Release|Any CPU
	EndGlobalSection
	GlobalSection(ProjectConfigurationPlatforms) = postSolution
		{6CAFC0C6-A428-4D30-A9F9-700E829FEA51}.Debug|Any CPU.ActiveCfg = Debug|Any CPU
		{6CAFC0C6-A428-4D30-A9F9-700E829FEA51}.Debug|Any CPU.Build.0 = Debug|Any CPU
		{6CAFC0C6-A428-4D30-A9F9-700E829FEA51}.Release|Any CPU.ActiveCfg = Release|Any CPU
		{6CAFC0C6-A428-4D30-A9F9-700E829FEA51}.Release|Any CPU.Build.0 = Release|Any CPU
		{EBB729A2-A1A6-4736-A020-19B3A79947E9}.Debug|Any CPU.ActiveCfg = Debug|Any CPU
		{EBB729A2-A1A6-4736-A020-19B3A79947E9}.Debug|Any CPU.Build.0 = Debug|Any CPU
		{EBB729A2-A1A6-4736-A020-19B3A79947E9}.Release|Any CPU.ActiveCfg = Release|Any CPU
		{EBB729A2-A1A6-4736-A020-19B3A79947E9}.Release|Any CPU.Build.0 = Release|Any CPU
		{A495F978-7316-4A6A-93B7-038B17F11B2A}.Debug|Any CPU.ActiveCfg = Debug|Any CPU
		{A495F978-7316-4A6A-93B7-038B17F11B2A}.Debug|Any CPU.Build.0 = Debug|Any CPU
		{A495F978-7316-4A6A-93B7-038B17F11B2A}.Release|Any CPU.ActiveCfg = Release|Any CPU
		{A495F978-7316-4A6A-93B7-038B17F11B2A}.Release|Any CPU.Build.0 = Release|Any CPU
		{F4A291E6-845C-4469-886B-BBBA24B5541D}.Debug|Any CPU.ActiveCfg = Debug|Any CPU
		{F4A291E6-845C-4469-886B-BBBA24B5541D}.Debug|Any CPU.Build.0 = Debug|Any CPU
		{F4A291E6-845C-4469-886B-BBBA24B5541D}.Release|Any CPU.ActiveCfg = Release|Any CPU
		{F4A291E6-845C-4469-886B-BBBA24B5541D}.Release|Any CPU.Build.0 = Release|Any CPU
		{7B0D4B81-8629-40DD-99D1-F390127092E8}.Debug|Any CPU.ActiveCfg = Debug|Any CPU
		{7B0D4B81-8629-40DD-99D1-F390127092E8}.Debug|Any CPU.Build.0 = Debug|Any CPU
		{7B0D4B81-8629-40DD-99D1-F390127092E8}.Release|Any CPU.ActiveCfg = Release|Any CPU
		{7B0D4B81-8629-40DD-99D1-F390127092E8}.Release|Any CPU.Build.0 = Release|Any CPU
		{96EEF452-0302-4B98-BDBC-D36A24C21EA8}.Debug|Any CPU.ActiveCfg = Debug|Any CPU
		{96EEF452-0302-4B98-BDBC-D36A24C21EA8}.Debug|Any CPU.Build.0 = Debug|Any CPU
		{96EEF452-0302-4B98-BDBC-D36A24C21EA8}.Debug|Any CPU.Deploy.0 = Debug|Any CPU
		{96EEF452-0302-4B98-BDBC-D36A24C21EA8}.Release|Any CPU.ActiveCfg = Release|Any CPU
		{96EEF452-0302-4B98-BDBC-D36A24C21EA8}.Release|Any CPU.Build.0 = Release|Any CPU
		{96EEF452-0302-4B98-BDBC-D36A24C21EA8}.Release|Any CPU.Deploy.0 = Release|Any CPU
		{A162E51C-77AE-49E4-9F67-9F9351BF23D8}.Debug|Any CPU.ActiveCfg = Debug|Any CPU
		{A162E51C-77AE-49E4-9F67-9F9351BF23D8}.Debug|Any CPU.Build.0 = Debug|Any CPU
		{A162E51C-77AE-49E4-9F67-9F9351BF23D8}.Release|Any CPU.ActiveCfg = Release|Any CPU
		{A162E51C-77AE-49E4-9F67-9F9351BF23D8}.Release|Any CPU.Build.0 = Release|Any CPU
		{71C9610A-389B-4130-B4D8-695D27DA347E}.Debug|Any CPU.ActiveCfg = Debug|Any CPU
		{71C9610A-389B-4130-B4D8-695D27DA347E}.Debug|Any CPU.Build.0 = Debug|Any CPU
		{71C9610A-389B-4130-B4D8-695D27DA347E}.Release|Any CPU.ActiveCfg = Release|Any CPU
		{71C9610A-389B-4130-B4D8-695D27DA347E}.Release|Any CPU.Build.0 = Release|Any CPU
		{EFFCDC0B-355F-4451-9F40-86A8E2EDD7AC}.Debug|Any CPU.ActiveCfg = Debug|Any CPU
		{EFFCDC0B-355F-4451-9F40-86A8E2EDD7AC}.Debug|Any CPU.Build.0 = Debug|Any CPU
		{EFFCDC0B-355F-4451-9F40-86A8E2EDD7AC}.Release|Any CPU.ActiveCfg = Release|Any CPU
		{EFFCDC0B-355F-4451-9F40-86A8E2EDD7AC}.Release|Any CPU.Build.0 = Release|Any CPU
		{FE66DA4E-E2FC-4094-97D6-76740533AF1F}.Debug|Any CPU.ActiveCfg = Debug|Any CPU
		{FE66DA4E-E2FC-4094-97D6-76740533AF1F}.Debug|Any CPU.Build.0 = Debug|Any CPU
		{FE66DA4E-E2FC-4094-97D6-76740533AF1F}.Release|Any CPU.ActiveCfg = Release|Any CPU
		{FE66DA4E-E2FC-4094-97D6-76740533AF1F}.Release|Any CPU.Build.0 = Release|Any CPU
	EndGlobalSection
	GlobalSection(SolutionProperties) = preSolution
		HideSolutionNode = FALSE
	EndGlobalSection
	GlobalSection(NestedProjects) = preSolution
		{E0AD2663-37D5-421B-A3E1-0BE0401BC41E} = {6F4074EE-2079-4DB5-9C97-7BF371C263AA}
		{4DE504AA-C602-457A-9875-2546CD0969DA} = {6F4074EE-2079-4DB5-9C97-7BF371C263AA}
		{890F4222-B59A-4295-86FB-825D037326E1} = {6F4074EE-2079-4DB5-9C97-7BF371C263AA}
		{6221769E-E6AE-460A-A239-D3FB82CA91EB} = {6F4074EE-2079-4DB5-9C97-7BF371C263AA}
		{FE66DA4E-E2FC-4094-97D6-76740533AF1F} = {1A5925BD-2A30-426B-B7C4-E6170709B4F4}
	EndGlobalSection
	GlobalSection(ExtensibilityGlobals) = postSolution
		SolutionGuid = {7BD0216A-1FF9-4A04-88A8-824A2B56813B}
	EndGlobalSection
EndGlobal
